
Microsoft Visual Studio Solution File, Format Version 12.00
# Visual Studio Version 16
VisualStudioVersion = 16.0.31424.327
MinimumVisualStudioVersion = 10.0.40219.1
Project("{9A19103F-16F7-4668-BE54-9A1E7A4F7556}") = "CsharpBasic_FAE-Main", "CsharpBasic_FAE-Main\CsharpBasic_FAE-Main.csproj", "{CB254913-0382-432F-9B41-8D03A67B4DC9}"
EndProject
Project("{9A19103F-16F7-4668-BE54-9A1E7A4F7556}") = "FirstConsoleApp", "FirstConsoleApp\FirstConsoleApp.csproj", "{66433130-5BF2-4069-B0FB-F9A5D323BB7A}"
EndProject
Project("{9A19103F-16F7-4668-BE54-9A1E7A4F7556}") = "Degiskenler", "Degiskenler\Degiskenler.csproj", "{B5431170-82BB-43D2-B7DD-0E639A181216}"
EndProject
Project("{FAE04EC0-301F-11D3-BF4B-00C04F79EFBC}") = "CsharpBasic101-Donguler", "CsharpBasic101-Donguler\CsharpBasic101-Donguler.csproj", "{673DB571-0E24-4F21-B59E-2862BA78A3A6}"
EndProject
Project("{FAE04EC0-301F-11D3-BF4B-00C04F79EFBC}") = "CsharpBasic101-Diziler", "CsharpBasic101-Diziler\CsharpBasic101-Diziler.csproj", "{29486C0F-5BE2-4CE5-AFAD-2981E1DF0E66}"
EndProject
Project("{FAE04EC0-301F-11D3-BF4B-00C04F79EFBC}") = "CsharpBasic101-DateTime", "CsharpBasic101-DateTime\CsharpBasic101-DateTime.csproj", "{703253A1-7E11-4DF9-AE7A-748E4FBF92B5}"
EndProject
Project("{FAE04EC0-301F-11D3-BF4B-00C04F79EFBC}") = "CsharpBasic101-MathFunction", "CsharpBasic101-MathFunction\CsharpBasic101-MathFunction.csproj", "{8A4A7054-EFA8-4CE9-980B-DC109A41074C}"
EndProject
Project("{FAE04EC0-301F-11D3-BF4B-00C04F79EFBC}") = "CsharpBasic101-Metodlar", "CsharpBasic101-Metodlar\CsharpBasic101-Metodlar.csproj", "{28B669EF-0B7C-4223-B731-7A5900C4F7CA}"
EndProject
Project("{FAE04EC0-301F-11D3-BF4B-00C04F79EFBC}") = "CsharpBasic101-TestMetodlar", "CsharpBasic101-TestMetodlar\CsharpBasic101-TestMetodlar.csproj", "{236696BC-5299-4E03-8B2C-A0C78E697208}"
EndProject
Project("{FAE04EC0-301F-11D3-BF4B-00C04F79EFBC}") = "CsharpBasic101-AdamAsmacaOyunu", "CsharpBasic101-AdamAsmacaOyunu\CsharpBasic101-AdamAsmacaOyunu.csproj", "{B1EF76F8-CE41-4EF7-8F75-4A4D5A32CA44}"
EndProject
Global
	GlobalSection(SolutionConfigurationPlatforms) = preSolution
		Debug|Any CPU = Debug|Any CPU
		Release|Any CPU = Release|Any CPU
	EndGlobalSection
	GlobalSection(ProjectConfigurationPlatforms) = postSolution
		{CB254913-0382-432F-9B41-8D03A67B4DC9}.Debug|Any CPU.ActiveCfg = Debug|Any CPU
		{CB254913-0382-432F-9B41-8D03A67B4DC9}.Debug|Any CPU.Build.0 = Debug|Any CPU
		{CB254913-0382-432F-9B41-8D03A67B4DC9}.Release|Any CPU.ActiveCfg = Release|Any CPU
		{CB254913-0382-432F-9B41-8D03A67B4DC9}.Release|Any CPU.Build.0 = Release|Any CPU
		{66433130-5BF2-4069-B0FB-F9A5D323BB7A}.Debug|Any CPU.ActiveCfg = Debug|Any CPU
		{66433130-5BF2-4069-B0FB-F9A5D323BB7A}.Debug|Any CPU.Build.0 = Debug|Any CPU
		{66433130-5BF2-4069-B0FB-F9A5D323BB7A}.Release|Any CPU.ActiveCfg = Release|Any CPU
		{66433130-5BF2-4069-B0FB-F9A5D323BB7A}.Release|Any CPU.Build.0 = Release|Any CPU
		{B5431170-82BB-43D2-B7DD-0E639A181216}.Debug|Any CPU.ActiveCfg = Debug|Any CPU
		{B5431170-82BB-43D2-B7DD-0E639A181216}.Debug|Any CPU.Build.0 = Debug|Any CPU
		{B5431170-82BB-43D2-B7DD-0E639A181216}.Release|Any CPU.ActiveCfg = Release|Any CPU
		{B5431170-82BB-43D2-B7DD-0E639A181216}.Release|Any CPU.Build.0 = Release|Any CPU
		{673DB571-0E24-4F21-B59E-2862BA78A3A6}.Debug|Any CPU.ActiveCfg = Debug|Any CPU
		{673DB571-0E24-4F21-B59E-2862BA78A3A6}.Debug|Any CPU.Build.0 = Debug|Any CPU
		{673DB571-0E24-4F21-B59E-2862BA78A3A6}.Release|Any CPU.ActiveCfg = Release|Any CPU
		{673DB571-0E24-4F21-B59E-2862BA78A3A6}.Release|Any CPU.Build.0 = Release|Any CPU
		{29486C0F-5BE2-4CE5-AFAD-2981E1DF0E66}.Debug|Any CPU.ActiveCfg = Debug|Any CPU
		{29486C0F-5BE2-4CE5-AFAD-2981E1DF0E66}.Debug|Any CPU.Build.0 = Debug|Any CPU
		{29486C0F-5BE2-4CE5-AFAD-2981E1DF0E66}.Release|Any CPU.ActiveCfg = Release|Any CPU
		{29486C0F-5BE2-4CE5-AFAD-2981E1DF0E66}.Release|Any CPU.Build.0 = Release|Any CPU
		{703253A1-7E11-4DF9-AE7A-748E4FBF92B5}.Debug|Any CPU.ActiveCfg = Debug|Any CPU
		{703253A1-7E11-4DF9-AE7A-748E4FBF92B5}.Debug|Any CPU.Build.0 = Debug|Any CPU
		{703253A1-7E11-4DF9-AE7A-748E4FBF92B5}.Release|Any CPU.ActiveCfg = Release|Any CPU
		{703253A1-7E11-4DF9-AE7A-748E4FBF92B5}.Release|Any CPU.Build.0 = Release|Any CPU
		{8A4A7054-EFA8-4CE9-980B-DC109A41074C}.Debug|Any CPU.ActiveCfg = Debug|Any CPU
		{8A4A7054-EFA8-4CE9-980B-DC109A41074C}.Debug|Any CPU.Build.0 = Debug|Any CPU
		{8A4A7054-EFA8-4CE9-980B-DC109A41074C}.Release|Any CPU.ActiveCfg = Release|Any CPU
		{8A4A7054-EFA8-4CE9-980B-DC109A41074C}.Release|Any CPU.Build.0 = Release|Any CPU
		{28B669EF-0B7C-4223-B731-7A5900C4F7CA}.Debug|Any CPU.ActiveCfg = Debug|Any CPU
		{28B669EF-0B7C-4223-B731-7A5900C4F7CA}.Debug|Any CPU.Build.0 = Debug|Any CPU
		{28B669EF-0B7C-4223-B731-7A5900C4F7CA}.Release|Any CPU.ActiveCfg = Release|Any CPU
		{28B669EF-0B7C-4223-B731-7A5900C4F7CA}.Release|Any CPU.Build.0 = Release|Any CPU
		{236696BC-5299-4E03-8B2C-A0C78E697208}.Debug|Any CPU.ActiveCfg = Debug|Any CPU
		{236696BC-5299-4E03-8B2C-A0C78E697208}.Debug|Any CPU.Build.0 = Debug|Any CPU
		{236696BC-5299-4E03-8B2C-A0C78E697208}.Release|Any CPU.ActiveCfg = Release|Any CPU
		{236696BC-5299-4E03-8B2C-A0C78E697208}.Release|Any CPU.Build.0 = Release|Any CPU
		{B1EF76F8-CE41-4EF7-8F75-4A4D5A32CA44}.Debug|Any CPU.ActiveCfg = Debug|Any CPU
		{B1EF76F8-CE41-4EF7-8F75-4A4D5A32CA44}.Debug|Any CPU.Build.0 = Debug|Any CPU
		{B1EF76F8-CE41-4EF7-8F75-4A4D5A32CA44}.Release|Any CPU.ActiveCfg = Release|Any CPU
		{B1EF76F8-CE41-4EF7-8F75-4A4D5A32CA44}.Release|Any CPU.Build.0 = Release|Any CPU
	EndGlobalSection
	GlobalSection(SolutionProperties) = preSolution
		HideSolutionNode = FALSE
	EndGlobalSection
	GlobalSection(ExtensibilityGlobals) = postSolution
		SolutionGuid = {E9BD6F0E-D69C-4A45-A4E2-844CDDC200C1}
	EndGlobalSection
EndGlobal
